
Microsoft Visual Studio Solution File, Format Version 12.00
Project("{FAE04EC0-301F-11D3-BF4B-00C04F79EFBC}") = "Web", "Web\Web.csproj", "{BC16C9CA-E8EC-4675-B9AF-99C040ABA6D6}"
EndProject
Project("{FAE04EC0-301F-11D3-BF4B-00C04F79EFBC}") = "Tests", "Tests\Tests.csproj", "{7FE9C431-F949-4775-AB6A-0D6B84192B3D}"
EndProject
Project("{FAE04EC0-301F-11D3-BF4B-00C04F79EFBC}") = "Services", "Services\Services.csproj", "{05C87085-2158-40F4-9530-C8023E2CD27C}"
EndProject
Project("{FAE04EC0-301F-11D3-BF4B-00C04F79EFBC}") = "Domain", "Domain\Domain.csproj", "{185740A4-F8E7-4835-AA52-7231DAA86760}"
EndProject
Project("{FAE04EC0-301F-11D3-BF4B-00C04F79EFBC}") = "Persistence", "Persistence\Persistence.csproj", "{5277FDC1-E64C-4B8A-8220-749F0564F7A5}"
EndProject
Project("{FAE04EC0-301F-11D3-BF4B-00C04F79EFBC}") = "ConsumeWebApp", "ConsumeWebApp\ConsumeWebApp.csproj", "{A9E568D7-1287-406D-BC35-CBCEE4D7F863}"
EndProject
Global
	GlobalSection(SolutionConfigurationPlatforms) = preSolution
		Debug|Any CPU = Debug|Any CPU
		Release|Any CPU = Release|Any CPU
	EndGlobalSection
	GlobalSection(ProjectConfigurationPlatforms) = postSolution
		{BC16C9CA-E8EC-4675-B9AF-99C040ABA6D6}.Debug|Any CPU.ActiveCfg = Debug|Any CPU
		{BC16C9CA-E8EC-4675-B9AF-99C040ABA6D6}.Debug|Any CPU.Build.0 = Debug|Any CPU
		{BC16C9CA-E8EC-4675-B9AF-99C040ABA6D6}.Release|Any CPU.ActiveCfg = Release|Any CPU
		{BC16C9CA-E8EC-4675-B9AF-99C040ABA6D6}.Release|Any CPU.Build.0 = Release|Any CPU
		{7FE9C431-F949-4775-AB6A-0D6B84192B3D}.Debug|Any CPU.ActiveCfg = Debug|Any CPU
		{7FE9C431-F949-4775-AB6A-0D6B84192B3D}.Debug|Any CPU.Build.0 = Debug|Any CPU
		{7FE9C431-F949-4775-AB6A-0D6B84192B3D}.Release|Any CPU.ActiveCfg = Release|Any CPU
		{7FE9C431-F949-4775-AB6A-0D6B84192B3D}.Release|Any CPU.Build.0 = Release|Any CPU
		{05C87085-2158-40F4-9530-C8023E2CD27C}.Debug|Any CPU.ActiveCfg = Debug|Any CPU
		{05C87085-2158-40F4-9530-C8023E2CD27C}.Debug|Any CPU.Build.0 = Debug|Any CPU
		{05C87085-2158-40F4-9530-C8023E2CD27C}.Release|Any CPU.ActiveCfg = Release|Any CPU
		{05C87085-2158-40F4-9530-C8023E2CD27C}.Release|Any CPU.Build.0 = Release|Any CPU
		{185740A4-F8E7-4835-AA52-7231DAA86760}.Debug|Any CPU.ActiveCfg = Debug|Any CPU
		{185740A4-F8E7-4835-AA52-7231DAA86760}.Debug|Any CPU.Build.0 = Debug|Any CPU
		{185740A4-F8E7-4835-AA52-7231DAA86760}.Release|Any CPU.ActiveCfg = Release|Any CPU
		{185740A4-F8E7-4835-AA52-7231DAA86760}.Release|Any CPU.Build.0 = Release|Any CPU
		{5277FDC1-E64C-4B8A-8220-749F0564F7A5}.Debug|Any CPU.ActiveCfg = Debug|Any CPU
		{5277FDC1-E64C-4B8A-8220-749F0564F7A5}.Debug|Any CPU.Build.0 = Debug|Any CPU
		{5277FDC1-E64C-4B8A-8220-749F0564F7A5}.Release|Any CPU.ActiveCfg = Release|Any CPU
		{5277FDC1-E64C-4B8A-8220-749F0564F7A5}.Release|Any CPU.Build.0 = Release|Any CPU
		{A9E568D7-1287-406D-BC35-CBCEE4D7F863}.Debug|Any CPU.ActiveCfg = Debug|Any CPU
		{A9E568D7-1287-406D-BC35-CBCEE4D7F863}.Debug|Any CPU.Build.0 = Debug|Any CPU
		{A9E568D7-1287-406D-BC35-CBCEE4D7F863}.Release|Any CPU.ActiveCfg = Release|Any CPU
		{A9E568D7-1287-406D-BC35-CBCEE4D7F863}.Release|Any CPU.Build.0 = Release|Any CPU
	EndGlobalSection
EndGlobal
